{
  "lockfile_version": "1",
  "packages": {
    "datasette@latest": {
      "last_modified": "2024-08-18T21:16:56Z",
      "resolved": "github:NixOS/nixpkgs/9aa35efbea27d320d0cdc5f922f0890812affb60#datasette",
      "source": "devbox-search",
      "version": "0.64.8",
      "systems": {
        "aarch64-darwin": {
          "outputs": [
            {
              "name": "out",
              "path": "/nix/store/f7dkq5z7gr89rv74djpg7hr21xm7ib3g-python3.12-datasette-0.64.8",
              "default": true
            },
            {
              "name": "dist",
              "path": "/nix/store/b13yzq9lh0gcdh2mmrkkghclbi97nbbv-python3.12-datasette-0.64.8-dist"
            }
          ],
          "store_path": "/nix/store/f7dkq5z7gr89rv74djpg7hr21xm7ib3g-python3.12-datasette-0.64.8"
        },
        "aarch64-linux": {
          "outputs": [
            {
              "name": "out",
              "path": "/nix/store/sycrai6l6ljpbk1zn7vzr4c495wb9n5j-python3.12-datasette-0.64.8",
              "default": true
            },
            {
              "name": "dist",
              "path": "/nix/store/6dapkr5slrxknkgwash7z141izhd9s71-python3.12-datasette-0.64.8-dist"
            }
          ],
          "store_path": "/nix/store/sycrai6l6ljpbk1zn7vzr4c495wb9n5j-python3.12-datasette-0.64.8"
        },
        "x86_64-darwin": {
          "outputs": [
            {
              "name": "out",
              "path": "/nix/store/7q2bqa1ig6ygfihjrjqh78yan2gl6xd9-python3.12-datasette-0.64.8",
              "default": true
            },
            {
              "name": "dist",
              "path": "/nix/store/dd5d52w143isp4zv4b0jr14785srrjjx-python3.12-datasette-0.64.8-dist"
            }
          ],
          "store_path": "/nix/store/7q2bqa1ig6ygfihjrjqh78yan2gl6xd9-python3.12-datasette-0.64.8"
        },
        "x86_64-linux": {
          "outputs": [
            {
              "name": "out",
              "path": "/nix/store/g1d0b9jjiy8mq456h2wbrpdyjs8ag163-python3.12-datasette-0.64.8",
              "default": true
            },
            {
              "name": "dist",
              "path": "/nix/store/2snpxqssmnymq9k1nwa52jbrxdvk43mb-python3.12-datasette-0.64.8-dist"
            }
          ],
          "store_path": "/nix/store/g1d0b9jjiy8mq456h2wbrpdyjs8ag163-python3.12-datasette-0.64.8"
        }
      }
    },
    "hyperfine@latest": {
      "last_modified": "2024-08-14T11:41:26Z",
      "resolved": "github:NixOS/nixpkgs/0cb2fd7c59fed0cd82ef858cbcbdb552b9a33465#hyperfine",
      "source": "devbox-search",
      "version": "1.18.0",
      "systems": {
        "aarch64-darwin": {
          "outputs": [
            {
              "name": "out",
              "path": "/nix/store/wbar3nq4ihfpy1rnk4zjz4n36q2p2jai-hyperfine-1.18.0",
              "default": true
            }
          ],
          "store_path": "/nix/store/wbar3nq4ihfpy1rnk4zjz4n36q2p2jai-hyperfine-1.18.0"
        },
        "aarch64-linux": {
          "outputs": [
            {
              "name": "out",
              "path": "/nix/store/7iz7j4d4vagim1ja9n4z5zcr5rigxsk9-hyperfine-1.18.0",
              "default": true
            }
          ],
          "store_path": "/nix/store/7iz7j4d4vagim1ja9n4z5zcr5rigxsk9-hyperfine-1.18.0"
        },
        "x86_64-darwin": {
          "outputs": [
            {
              "name": "out",
              "path": "/nix/store/qam2y8hyfmpz7jsdncdpwbdbq945ckbk-hyperfine-1.18.0",
              "default": true
            }
          ],
          "store_path": "/nix/store/qam2y8hyfmpz7jsdncdpwbdbq945ckbk-hyperfine-1.18.0"
        },
        "x86_64-linux": {
          "outputs": [
            {
              "name": "out",
              "path": "/nix/store/yypb5s9sw8v5afzbfnsqsh75klx1rv5f-hyperfine-1.18.0",
              "default": true
            }
          ],
          "store_path": "/nix/store/yypb5s9sw8v5afzbfnsqsh75klx1rv5f-hyperfine-1.18.0"
        }
      }
    },
    "jetbrains.pycharm-professional@latest": {
      "last_modified": "2024-08-27T08:49:48Z",
      "resolved": "github:NixOS/nixpkgs/a6292e34000dc93d43bccf78338770c1c5ec8a99#jetbrains.pycharm-professional",
      "source": "devbox-search",
      "version": "2024.2.0.1",
      "systems": {
        "aarch64-darwin": {
          "outputs": [
            {
              "name": "out",
              "path": "/nix/store/8zifrlq7jj2xy525mhzjmk7p5myzhsmb-pycharm-professional-2024.2.0.1",
              "default": true
            }
          ],
          "store_path": "/nix/store/8zifrlq7jj2xy525mhzjmk7p5myzhsmb-pycharm-professional-2024.2.0.1"
        },
        "aarch64-linux": {
          "outputs": [
            {
              "name": "out",
              "path": "/nix/store/vm4chrn1pps4s5f6kbnvwrvnnjcn8cck-pycharm-professional-2024.2.0.1",
              "default": true
            }
          ],
          "store_path": "/nix/store/vm4chrn1pps4s5f6kbnvwrvnnjcn8cck-pycharm-professional-2024.2.0.1"
        },
        "x86_64-darwin": {
          "outputs": [
            {
              "name": "out",
              "path": "/nix/store/0vlbbcwpmwav8v1anhvc8ycs296gzzz9-pycharm-professional-2024.2.0.1",
              "default": true
            }
          ],
          "store_path": "/nix/store/0vlbbcwpmwav8v1anhvc8ycs296gzzz9-pycharm-professional-2024.2.0.1"
        },
        "x86_64-linux": {
          "outputs": [
            {
              "name": "out",
              "path": "/nix/store/qxmp9b75b06ajw8blc3j4wrb38b1yxhv-pycharm-professional-2024.2.0.1",
              "default": true
            }
          ],
          "store_path": "/nix/store/qxmp9b75b06ajw8blc3j4wrb38b1yxhv-pycharm-professional-2024.2.0.1"
        }
      }
    },
    "jq@latest": {
      "last_modified": "2024-08-21T20:16:49Z",
      "resolved": "github:NixOS/nixpkgs/36a9aeaaa17a2d4348498275f9fe530cd4f9e519#jq",
      "source": "devbox-search",
      "version": "1.7.1",
      "systems": {
        "aarch64-darwin": {
          "outputs": [
            {
              "name": "bin",
              "path": "/nix/store/ljpsp4f53h3ckmc4czxflj80ix8fqpdd-jq-1.7.1-bin",
              "default": true
            },
            {
              "name": "man",
              "path": "/nix/store/nga89iljl17wwhr249l3pn688l6l746f-jq-1.7.1-man",
              "default": true
            },
            {
              "name": "lib",
              "path": "/nix/store/gvdvq75g2l8imsnwkig0y016yml11xi2-jq-1.7.1-lib"
            },
            {
              "name": "out",
              "path": "/nix/store/pipq080jz3g82l69pxivws45y76bdr2x-jq-1.7.1"
            },
            {
              "name": "dev",
              "path": "/nix/store/qjq0bcabb4qsmsdsvd1j969m8ldizih5-jq-1.7.1-dev"
            },
            {
              "name": "doc",
              "path": "/nix/store/fjnj42dfjx6dm3d58ak7jgkp41gcgzz2-jq-1.7.1-doc"
            }
          ],
          "store_path": "/nix/store/ljpsp4f53h3ckmc4czxflj80ix8fqpdd-jq-1.7.1-bin"
        },
        "aarch64-linux": {
          "outputs": [
            {
              "name": "bin",
              "path": "/nix/store/r5zdg1d18jlrbz72y385y8c73qxhig97-jq-1.7.1-bin",
              "default": true
            },
            {
              "name": "man",
              "path": "/nix/store/k75i4l619mqwq1zlcq23b89dx7gxalm7-jq-1.7.1-man",
              "default": true
            },
            {
              "name": "lib",
              "path": "/nix/store/4jyirc6ds8blyq9gghjasaqp7ysjxi0n-jq-1.7.1-lib"
            },
            {
              "name": "out",
              "path": "/nix/store/7pl1lv0lws955p475l8bc48fyp4z5ls5-jq-1.7.1"
            },
            {
              "name": "dev",
              "path": "/nix/store/8v7lp5414jskbrxq28rp8mnm4x8w8rsq-jq-1.7.1-dev"
            },
            {
              "name": "doc",
              "path": "/nix/store/vnxv8cz3ad5hhc5blqa5x22wysklh3bi-jq-1.7.1-doc"
            }
          ],
          "store_path": "/nix/store/r5zdg1d18jlrbz72y385y8c73qxhig97-jq-1.7.1-bin"
        },
        "x86_64-darwin": {
          "outputs": [
            {
              "name": "bin",
              "path": "/nix/store/hnn3wa3n91b79dhqizi887wbp4h48b4l-jq-1.7.1-bin",
              "default": true
            },
            {
              "name": "man",
              "path": "/nix/store/qdydz8l82h62khyx2nnj20b22a40j40b-jq-1.7.1-man",
              "default": true
            },
            {
              "name": "dev",
              "path": "/nix/store/xivn6zjd871mkrgrwwzppbf3d3ip88mn-jq-1.7.1-dev"
            },
            {
              "name": "doc",
              "path": "/nix/store/7md9ys6s8pda9xk328i3jvwfzmbip77k-jq-1.7.1-doc"
            },
            {
              "name": "lib",
              "path": "/nix/store/pjqbn8yyirdi2p24n1dq7vjha59b9x5i-jq-1.7.1-lib"
            },
            {
              "name": "out",
              "path": "/nix/store/dy83nyjdjdrgfcxjaxwva5m20xbmxphw-jq-1.7.1"
            }
          ],
          "store_path": "/nix/store/hnn3wa3n91b79dhqizi887wbp4h48b4l-jq-1.7.1-bin"
        },
        "x86_64-linux": {
          "outputs": [
            {
              "name": "bin",
              "path": "/nix/store/wq2z3xx9z1d1d1c46mcrpd292qmnxdaa-jq-1.7.1-bin",
              "default": true
            },
            {
              "name": "man",
              "path": "/nix/store/cdad3zr7v3j36l84x67y975f6hbqsn0z-jq-1.7.1-man",
              "default": true
            },
            {
              "name": "dev",
              "path": "/nix/store/hs3z0qj7vixfynv0337dx23rq8jyfiwx-jq-1.7.1-dev"
            },
            {
              "name": "doc",
              "path": "/nix/store/anl913qgdri5bg7p9j3xl1ihr68dbp8l-jq-1.7.1-doc"
            },
            {
              "name": "lib",
              "path": "/nix/store/inklgpq2p12r44crs5fj6n3mwh5gvqb9-jq-1.7.1-lib"
            },
            {
              "name": "out",
              "path": "/nix/store/2yrlci50s3qma5wcnsisy9w4i4xva58l-jq-1.7.1"
            }
          ],
          "store_path": "/nix/store/wq2z3xx9z1d1d1c46mcrpd292qmnxdaa-jq-1.7.1-bin"
        }
      }
    },
    "nodejs_20@latest": {
      "last_modified": "2024-07-10T06:55:44Z",
      "plugin_version": "0.0.2",
      "resolved": "github:NixOS/nixpkgs/aa9461550594533c29866d42f861b6ff079a7fb6#nodejs_20",
      "source": "devbox-search",
      "version": "20.14.0",
      "systems": {
        "aarch64-darwin": {
          "outputs": [
            {
              "name": "out",
              "path": "/nix/store/sqnbldm1fjw88v23yq4v6531y4m7v2fh-nodejs-20.14.0",
              "default": true
            },
            {
              "name": "libv8",
              "path": "/nix/store/1i0rb2axkrxvsq5pz8s2q07ard2p36a1-nodejs-20.14.0-libv8"
            }
          ],
          "store_path": "/nix/store/sqnbldm1fjw88v23yq4v6531y4m7v2fh-nodejs-20.14.0"
        },
        "aarch64-linux": {
          "outputs": [
            {
              "name": "out",
              "path": "/nix/store/r1nwmlbsn67f5rhayr7jjjdmiflxpk92-nodejs-20.14.0",
              "default": true
            },
            {
              "name": "libv8",
              "path": "/nix/store/5ii3xkbd3iv0xvqqvjg3agsm0dinidgm-nodejs-20.14.0-libv8"
            }
          ],
          "store_path": "/nix/store/r1nwmlbsn67f5rhayr7jjjdmiflxpk92-nodejs-20.14.0"
        },
        "x86_64-darwin": {
          "outputs": [
            {
              "name": "out",
              "path": "/nix/store/wzgnws4r1c98vzj5q6gq4drz2jfq7d5q-nodejs-20.14.0",
              "default": true
            },
            {
              "name": "libv8",
              "path": "/nix/store/gc2gnkc8hvkh51ab3a29fvgzy2qsqb2s-nodejs-20.14.0-libv8"
            }
          ],
          "store_path": "/nix/store/wzgnws4r1c98vzj5q6gq4drz2jfq7d5q-nodejs-20.14.0"
        },
        "x86_64-linux": {
          "outputs": [
            {
              "name": "out",
              "path": "/nix/store/ilkfhnqz4xczrliqjva8770x2svbfznd-nodejs-20.14.0",
              "default": true
            },
            {
              "name": "libv8",
              "path": "/nix/store/2qaf68dzimr8as4bgli0xmsn11c0ah2j-nodejs-20.14.0-libv8"
            }
          ],
          "store_path": "/nix/store/ilkfhnqz4xczrliqjva8770x2svbfznd-nodejs-20.14.0"
        }
      }
    },
    "overmind@latest": {
      "last_modified": "2024-07-07T07:43:47Z",
      "resolved": "github:NixOS/nixpkgs/b60793b86201040d9dee019a05089a9150d08b5b#overmind",
      "source": "devbox-search",
      "version": "2.5.1",
      "systems": {
        "aarch64-darwin": {
          "outputs": [
            {
              "name": "out",
              "path": "/nix/store/j81bspmqw8fq4lgj0y417cpd5d4l2mjr-overmind-2.5.1",
              "default": true
            }
          ],
          "store_path": "/nix/store/j81bspmqw8fq4lgj0y417cpd5d4l2mjr-overmind-2.5.1"
        },
        "aarch64-linux": {
          "outputs": [
            {
              "name": "out",
              "path": "/nix/store/waq8600hwrdnirkhf1z3lk3svv13ll44-overmind-2.5.1",
              "default": true
            }
          ],
          "store_path": "/nix/store/waq8600hwrdnirkhf1z3lk3svv13ll44-overmind-2.5.1"
        },
        "x86_64-darwin": {
          "outputs": [
            {
              "name": "out",
              "path": "/nix/store/450zxrgg93l4g8r2pgvcg36m06xakkjc-overmind-2.5.1",
              "default": true
            }
          ],
          "store_path": "/nix/store/450zxrgg93l4g8r2pgvcg36m06xakkjc-overmind-2.5.1"
        },
        "x86_64-linux": {
          "outputs": [
            {
              "name": "out",
              "path": "/nix/store/h3x678xmc7fcmn2pr0gcj6b84z8jx4fq-overmind-2.5.1",
              "default": true
            }
          ],
          "store_path": "/nix/store/h3x678xmc7fcmn2pr0gcj6b84z8jx4fq-overmind-2.5.1"
        }
      }
    },
    "poetry@latest": {
      "last_modified": "2024-07-07T07:43:47Z",
      "plugin_version": "0.0.4",
      "resolved": "github:NixOS/nixpkgs/b60793b86201040d9dee019a05089a9150d08b5b#poetry",
      "source": "devbox-search",
      "version": "1.8.3",
      "systems": {
        "aarch64-darwin": {
          "outputs": [
            {
              "name": "out",
              "path": "/nix/store/9fyqm2dvvfwp8vz6r9kz5h6cvhwwy654-python3.12-poetry-1.8.3",
              "default": true
            },
            {
              "name": "dist",
              "path": "/nix/store/kwip53fsb2law8c3bjlx65vblw458lkn-python3.12-poetry-1.8.3-dist"
            }
          ],
          "store_path": "/nix/store/9fyqm2dvvfwp8vz6r9kz5h6cvhwwy654-python3.12-poetry-1.8.3"
        },
        "aarch64-linux": {
          "outputs": [
            {
              "name": "out",
              "path": "/nix/store/wi5ypmf2avscbv1p7p501yf8fz6ir62j-python3.12-poetry-1.8.3",
              "default": true
            },
            {
              "name": "dist",
              "path": "/nix/store/gjwhzq3cylrahz21gnizk3bfbf61xwba-python3.12-poetry-1.8.3-dist"
            }
          ],
          "store_path": "/nix/store/wi5ypmf2avscbv1p7p501yf8fz6ir62j-python3.12-poetry-1.8.3"
        },
        "x86_64-darwin": {
          "outputs": [
            {
              "name": "out",
              "path": "/nix/store/afby0py6saza9ni7r8w8gm507plaqscf-python3.12-poetry-1.8.3",
              "default": true
            },
            {
              "name": "dist",
              "path": "/nix/store/3r3ivhbfdb5arzckfz5pinlfg61sdrr5-python3.12-poetry-1.8.3-dist"
            }
          ],
          "store_path": "/nix/store/afby0py6saza9ni7r8w8gm507plaqscf-python3.12-poetry-1.8.3"
        },
        "x86_64-linux": {
          "outputs": [
            {
              "name": "out",
              "path": "/nix/store/imynfb6n17lvwa5yyz16k9c4skhmjz1n-python3.12-poetry-1.8.3",
              "default": true
            },
            {
              "name": "dist",
              "path": "/nix/store/89jbjl4y50jqbwl958lmfc8l5qfcgsgg-python3.12-poetry-1.8.3-dist"
            }
          ],
          "store_path": "/nix/store/imynfb6n17lvwa5yyz16k9c4skhmjz1n-python3.12-poetry-1.8.3"
        }
      }
    },
    "python312@latest": {
      "last_modified": "2024-06-12T20:55:33Z",
      "plugin_version": "0.0.3",
      "resolved": "github:NixOS/nixpkgs/a9858885e197f984d92d7fe64e9fff6b2e488d40#python312",
      "source": "devbox-search",
      "version": "3.12.3",
      "systems": {
        "aarch64-darwin": {
          "outputs": [
            {
              "name": "out",
              "path": "/nix/store/65ackbgqn02p6fy75rksjbp17zj6440j-python3-3.12.3",
              "default": true
            }
          ],
          "store_path": "/nix/store/65ackbgqn02p6fy75rksjbp17zj6440j-python3-3.12.3"
        },
        "aarch64-linux": {
          "outputs": [
            {
              "name": "out",
              "path": "/nix/store/59siylp1k9i3ch4d9m3vs5jp5z56b5sg-python3-3.12.3",
              "default": true
            },
            {
              "name": "debug",
              "path": "/nix/store/ji094818a78hrkag26202b21nr5v1pgk-python3-3.12.3-debug"
            }
          ],
          "store_path": "/nix/store/59siylp1k9i3ch4d9m3vs5jp5z56b5sg-python3-3.12.3"
        },
        "x86_64-darwin": {
          "outputs": [
            {
              "name": "out",
              "path": "/nix/store/nrskm5p85y6751k02ih51bpzfag8g5r8-python3-3.12.3",
              "default": true
            }
          ],
          "store_path": "/nix/store/nrskm5p85y6751k02ih51bpzfag8g5r8-python3-3.12.3"
        },
        "x86_64-linux": {
          "outputs": [
            {
              "name": "out",
              "path": "/nix/store/zwvdwiw0zg5liz6lkkkqyab035parhld-python3-3.12.3",
              "default": true
            },
            {
              "name": "debug",
              "path": "/nix/store/wj6mffmpvly3md2hqnq2jj8zrrw5qck9-python3-3.12.3-debug"
            }
          ],
          "store_path": "/nix/store/zwvdwiw0zg5liz6lkkkqyab035parhld-python3-3.12.3"
        }
      }
    },
    "sqlite-utils@latest": {
      "last_modified": "2024-09-10T15:01:03Z",
      "resolved": "github:NixOS/nixpkgs/5ed627539ac84809c78b2dd6d26a5cebeb5ae269#sqlite-utils",
      "source": "devbox-search",
      "version": "3.37",
      "systems": {
        "aarch64-darwin": {
          "outputs": [
            {
              "name": "out",
              "path": "/nix/store/hlrrl4b01fm7fbqygpikqv2l0m18xhvb-python3.12-sqlite-utils-3.37",
              "default": true
            },
            {
              "name": "dist",
              "path": "/nix/store/ah419jpxq76v7i059jjmc7i62q2s3p5z-python3.12-sqlite-utils-3.37-dist"
            }
          ],
          "store_path": "/nix/store/hlrrl4b01fm7fbqygpikqv2l0m18xhvb-python3.12-sqlite-utils-3.37"
        },
        "aarch64-linux": {
          "outputs": [
            {
              "name": "out",
              "path": "/nix/store/rnmlri8c2dkxs86yv7ndz42mns4wbgx7-python3.12-sqlite-utils-3.37",
              "default": true
            },
            {
              "name": "dist",
              "path": "/nix/store/8yw41f47ms89q54ivvia84apanrm5rd6-python3.12-sqlite-utils-3.37-dist"
            }
          ],
          "store_path": "/nix/store/rnmlri8c2dkxs86yv7ndz42mns4wbgx7-python3.12-sqlite-utils-3.37"
        },
        "x86_64-darwin": {
          "outputs": [
            {
              "name": "out",
              "path": "/nix/store/48svvm9q4h76irakwwypi4n7v3fh36ri-python3.12-sqlite-utils-3.37",
              "default": true
            },
            {
              "name": "dist",
              "path": "/nix/store/vfya703kwcqk5sx63mcw1fk9kjrhf1x4-python3.12-sqlite-utils-3.37-dist"
            }
          ],
          "store_path": "/nix/store/48svvm9q4h76irakwwypi4n7v3fh36ri-python3.12-sqlite-utils-3.37"
        },
        "x86_64-linux": {
          "outputs": [
            {
              "name": "out",
              "path": "/nix/store/fyfvv7hgij9vsw8vfzb76iihdi7qv38a-python3.12-sqlite-utils-3.37",
              "default": true
            },
            {
              "name": "dist",
              "path": "/nix/store/cym9vadlgbxbzkg3w2nqii2skb51xfcc-python3.12-sqlite-utils-3.37-dist"
            }
          ],
          "store_path": "/nix/store/fyfvv7hgij9vsw8vfzb76iihdi7qv38a-python3.12-sqlite-utils-3.37"
        }
      }
    }
  }
}
