{
  "lockfile_version": "1",
  "packages": {
    "nodejs_20@latest": {
      "last_modified": "2024-04-19T17:36:04-04:00",
      "plugin_version": "0.0.2",
      "resolved": "github:NixOS/nixpkgs/92d295f588631b0db2da509f381b4fb1e74173c5#nodejs_20",
      "source": "devbox-search",
      "version": "20.12.2",
      "systems": {
        "aarch64-darwin": {
          "outputs": [
            {
              "name": "out",
              "path": "/nix/store/9zli090ri6wlhjla6bb51dg326ann92x-nodejs-20.12.2",
              "default": true
            },
            {
              "name": "libv8",
              "path": "/nix/store/b4yik1g0jwgzy5ziyfws6dwlwkj7byf2-nodejs-20.12.2-libv8"
            }
          ],
          "store_path": "/nix/store/9zli090ri6wlhjla6bb51dg326ann92x-nodejs-20.12.2"
        },
        "aarch64-linux": {
          "outputs": [
            {
              "name": "out",
              "path": "/nix/store/45q06na55cn5qqgy40y1sl82ni77vqm6-nodejs-20.12.2",
              "default": true
            },
            {
              "name": "libv8",
              "path": "/nix/store/ianb0irav3q1sxr479gzhjaw2vvz57fb-nodejs-20.12.2-libv8"
            }
          ],
          "store_path": "/nix/store/45q06na55cn5qqgy40y1sl82ni77vqm6-nodejs-20.12.2"
        },
        "x86_64-darwin": {
          "outputs": [
            {
              "name": "out",
              "path": "/nix/store/49d07knzwmlaggcq86d98fpzqa70a2ya-nodejs-20.12.2",
              "default": true
            },
            {
              "name": "libv8",
              "path": "/nix/store/idmhy1hnfndv43ncd6yy60vdwin1nyfa-nodejs-20.12.2-libv8"
            }
          ],
          "store_path": "/nix/store/49d07knzwmlaggcq86d98fpzqa70a2ya-nodejs-20.12.2"
        },
        "x86_64-linux": {
          "outputs": [
            {
              "name": "out",
              "path": "/nix/store/92njxgwsp23zbirp054rz7v9ls0shjwc-nodejs-20.12.2",
              "default": true
            },
            {
              "name": "libv8",
              "path": "/nix/store/km1zscaawbdx73bi32r1h44damsmsvds-nodejs-20.12.2-libv8"
            }
          ],
          "store_path": "/nix/store/92njxgwsp23zbirp054rz7v9ls0shjwc-nodejs-20.12.2"
        }
      }
    },
    "overmind@latest": {
      "last_modified": "2024-07-07T07:43:47Z",
      "resolved": "github:NixOS/nixpkgs/b60793b86201040d9dee019a05089a9150d08b5b#overmind",
      "source": "devbox-search",
      "version": "2.5.1",
      "systems": {
        "aarch64-darwin": {
          "outputs": [
            {
              "name": "out",
              "path": "/nix/store/j81bspmqw8fq4lgj0y417cpd5d4l2mjr-overmind-2.5.1",
              "default": true
            }
          ],
          "store_path": "/nix/store/j81bspmqw8fq4lgj0y417cpd5d4l2mjr-overmind-2.5.1"
        },
        "aarch64-linux": {
          "outputs": [
            {
              "name": "out",
              "path": "/nix/store/waq8600hwrdnirkhf1z3lk3svv13ll44-overmind-2.5.1",
              "default": true
            }
          ],
          "store_path": "/nix/store/waq8600hwrdnirkhf1z3lk3svv13ll44-overmind-2.5.1"
        },
        "x86_64-darwin": {
          "outputs": [
            {
              "name": "out",
              "path": "/nix/store/450zxrgg93l4g8r2pgvcg36m06xakkjc-overmind-2.5.1",
              "default": true
            }
          ],
          "store_path": "/nix/store/450zxrgg93l4g8r2pgvcg36m06xakkjc-overmind-2.5.1"
        },
        "x86_64-linux": {
          "outputs": [
            {
              "name": "out",
              "path": "/nix/store/h3x678xmc7fcmn2pr0gcj6b84z8jx4fq-overmind-2.5.1",
              "default": true
            }
          ],
          "store_path": "/nix/store/h3x678xmc7fcmn2pr0gcj6b84z8jx4fq-overmind-2.5.1"
        }
      }
    },
    "poetry@latest": {
      "last_modified": "2024-04-19T17:36:04-04:00",
      "plugin_version": "0.0.4",
      "resolved": "github:NixOS/nixpkgs/92d295f588631b0db2da509f381b4fb1e74173c5#poetry",
      "source": "devbox-search",
      "version": "1.8.2",
      "systems": {
        "aarch64-darwin": {
          "outputs": [
            {
              "name": "out",
              "path": "/nix/store/2rk4lm1wcav909g29k9wbrlv077bwasw-python3.11-poetry-1.8.2",
              "default": true
            },
            {
              "name": "dist",
              "path": "/nix/store/sq2rf665zq07fs95ga1m80gk7mwdpcn0-python3.11-poetry-1.8.2-dist"
            }
          ],
          "store_path": "/nix/store/2rk4lm1wcav909g29k9wbrlv077bwasw-python3.11-poetry-1.8.2"
        },
        "aarch64-linux": {
          "outputs": [
            {
              "name": "out",
              "path": "/nix/store/nh054rj7hhyb3wlqv6jms1maqckmr1k9-python3.11-poetry-1.8.2",
              "default": true
            },
            {
              "name": "dist",
              "path": "/nix/store/1362fqzd7hdadvc711c59k8jps2fs064-python3.11-poetry-1.8.2-dist"
            }
          ],
          "store_path": "/nix/store/nh054rj7hhyb3wlqv6jms1maqckmr1k9-python3.11-poetry-1.8.2"
        },
        "x86_64-darwin": {
          "outputs": [
            {
              "name": "out",
              "path": "/nix/store/qyf2b14fwhcqma154bhx317qmy77qd6i-python3.11-poetry-1.8.2",
              "default": true
            },
            {
              "name": "dist",
              "path": "/nix/store/ylsk0zaa4s31n6j8mvq8d0bi1aaix513-python3.11-poetry-1.8.2-dist"
            }
          ],
          "store_path": "/nix/store/qyf2b14fwhcqma154bhx317qmy77qd6i-python3.11-poetry-1.8.2"
        },
        "x86_64-linux": {
          "outputs": [
            {
              "name": "out",
              "path": "/nix/store/g9yj4dz4adzxg80r08rm04jn437cm50q-python3.11-poetry-1.8.2",
              "default": true
            },
            {
              "name": "dist",
              "path": "/nix/store/5b1s9ij3fskpqvxn1v3kgihj1580qig4-python3.11-poetry-1.8.2-dist"
            }
          ],
          "store_path": "/nix/store/g9yj4dz4adzxg80r08rm04jn437cm50q-python3.11-poetry-1.8.2"
        }
      }
    },
    "python312@latest": {
      "last_modified": "2024-04-19T17:36:04-04:00",
      "plugin_version": "0.0.3",
      "resolved": "github:NixOS/nixpkgs/92d295f588631b0db2da509f381b4fb1e74173c5#python312",
      "source": "devbox-search",
      "version": "3.12.3",
      "systems": {
        "aarch64-darwin": {
          "outputs": [
            {
              "name": "out",
              "path": "/nix/store/7bz0d53vngyxzhs6axavfw2dhl9vwlww-python3-3.12.3",
              "default": true
            }
          ],
          "store_path": "/nix/store/7bz0d53vngyxzhs6axavfw2dhl9vwlww-python3-3.12.3"
        },
        "aarch64-linux": {
          "outputs": [
            {
              "name": "out",
              "path": "/nix/store/nw7n1zgfiwxvrlxcn6nkggvxvk6msvl9-python3-3.12.3",
              "default": true
            },
            {
              "name": "debug",
              "path": "/nix/store/arq3230cyyd6lnwrjc2h5dz994ar4410-python3-3.12.3-debug"
            }
          ],
          "store_path": "/nix/store/nw7n1zgfiwxvrlxcn6nkggvxvk6msvl9-python3-3.12.3"
        },
        "x86_64-darwin": {
          "outputs": [
            {
              "name": "out",
              "path": "/nix/store/g8jihlbhc9sv3d2i4lnagyn2mj74mmjf-python3-3.12.3",
              "default": true
            }
          ],
          "store_path": "/nix/store/g8jihlbhc9sv3d2i4lnagyn2mj74mmjf-python3-3.12.3"
        },
        "x86_64-linux": {
          "outputs": [
            {
              "name": "out",
              "path": "/nix/store/m51f0kclg01xdc0mjxqs5cpyaxqbqhg5-python3-3.12.3",
              "default": true
            },
            {
              "name": "debug",
              "path": "/nix/store/f7z0xg5zf1c2b7lc8qjpd0p48lpc7rf1-python3-3.12.3-debug"
            }
          ],
          "store_path": "/nix/store/m51f0kclg01xdc0mjxqs5cpyaxqbqhg5-python3-3.12.3"
        }
      }
    }
  }
}
